
Microsoft Visual Studio Solution File, Format Version 12.00
# Visual Studio Version 17
VisualStudioVersion = 17.0.31903.59
MinimumVisualStudioVersion = 10.0.40219.1
Project("{2150E333-8FDC-42A3-9474-1A3956D46DE8}") = "src", "src", "{D321B0D9-3846-4AE5-9CD7-9DB9B648C6E2}"
EndProject
Project("{FAE04EC0-301F-11D3-BF4B-00C04F79EFBC}") = "MeuQueridoRei.Simulacao", "src\MeuQueridoRei.Simulacao\MeuQueridoRei.Simulacao.csproj", "{A8E76363-329F-4B2D-8FB9-1CFC456C29F3}"
EndProject
Project("{FAE04EC0-301F-11D3-BF4B-00C04F79EFBC}") = "MeuQueridoRei.Simulacao.Testes", "src\MeuQueridoRei.Simulacao.Testes\MeuQueridoRei.Simulacao.Testes.csproj", "{7D40E5BB-1917-46DA-8C6F-F4A5BABA7581}"
EndProject
Global
	GlobalSection(SolutionConfigurationPlatforms) = preSolution
		Debug|Any CPU = Debug|Any CPU
		Release|Any CPU = Release|Any CPU
	EndGlobalSection
	GlobalSection(SolutionProperties) = preSolution
		HideSolutionNode = FALSE
	EndGlobalSection
	GlobalSection(ProjectConfigurationPlatforms) = postSolution
		{A8E76363-329F-4B2D-8FB9-1CFC456C29F3}.Debug|Any CPU.ActiveCfg = Debug|Any CPU
		{A8E76363-329F-4B2D-8FB9-1CFC456C29F3}.Debug|Any CPU.Build.0 = Debug|Any CPU
		{A8E76363-329F-4B2D-8FB9-1CFC456C29F3}.Release|Any CPU.ActiveCfg = Release|Any CPU
		{A8E76363-329F-4B2D-8FB9-1CFC456C29F3}.Release|Any CPU.Build.0 = Release|Any CPU
		{7D40E5BB-1917-46DA-8C6F-F4A5BABA7581}.Debug|Any CPU.ActiveCfg = Debug|Any CPU
		{7D40E5BB-1917-46DA-8C6F-F4A5BABA7581}.Debug|Any CPU.Build.0 = Debug|Any CPU
		{7D40E5BB-1917-46DA-8C6F-F4A5BABA7581}.Release|Any CPU.ActiveCfg = Release|Any CPU
		{7D40E5BB-1917-46DA-8C6F-F4A5BABA7581}.Release|Any CPU.Build.0 = Release|Any CPU
	EndGlobalSection
	GlobalSection(NestedProjects) = preSolution
		{A8E76363-329F-4B2D-8FB9-1CFC456C29F3} = {D321B0D9-3846-4AE5-9CD7-9DB9B648C6E2}
		{7D40E5BB-1917-46DA-8C6F-F4A5BABA7581} = {D321B0D9-3846-4AE5-9CD7-9DB9B648C6E2}
	EndGlobalSection
EndGlobal
